{
  "name": "16. More Guest",
  "lockfileVersion": 2,
  "requires": true,
  "packages": {
    "": {
      "dependencies": {
        "append": "^0.1.1"
      }
    },
    "node_modules/append": {
      "version": "0.1.1",
      "resolved": "https://registry.npmjs.org/append/-/append-0.1.1.tgz",
      "integrity": "sha512-B93J4FCl2WcF6cQvsnX6nxPrQlb4fO1Hosp3S1Frf2nBqHDvOC89kasUoUtdeP+dAbwZxEW5k4E5RgWMJP/Z9g==",
      "engines": {
        "node": "*"
      }
    }
  },
  "dependencies": {
    "append": {
      "version": "0.1.1",
      "resolved": "https://registry.npmjs.org/append/-/append-0.1.1.tgz",
      "integrity": "sha512-B93J4FCl2WcF6cQvsnX6nxPrQlb4fO1Hosp3S1Frf2nBqHDvOC89kasUoUtdeP+dAbwZxEW5k4E5RgWMJP/Z9g=="
    }
  }
}
